
Microsoft Visual Studio Solution File, Format Version 12.00
# Visual Studio Version 17
VisualStudioVersion = 17.8.34309.116
MinimumVisualStudioVersion = 10.0.40219.1
Project("{FAE04EC0-301F-11D3-BF4B-00C04F79EFBC}") = "WebApplicationGitHub", "WebApplicationGitHub.csproj", "{C2A42951-BB52-403D-972D-F2BCB122E118}"
EndProject
Global
	GlobalSection(SolutionConfigurationPlatforms) = preSolution
		Debug|Any CPU = Debug|Any CPU
		Release|Any CPU = Release|Any CPU
	EndGlobalSection
	GlobalSection(ProjectConfigurationPlatforms) = postSolution
		{C2A42951-BB52-403D-972D-F2BCB122E118}.Debug|Any CPU.ActiveCfg = Debug|Any CPU
		{C2A42951-BB52-403D-972D-F2BCB122E118}.Debug|Any CPU.Build.0 = Debug|Any CPU
		{C2A42951-BB52-403D-972D-F2BCB122E118}.Release|Any CPU.ActiveCfg = Release|Any CPU
		{C2A42951-BB52-403D-972D-F2BCB122E118}.Release|Any CPU.Build.0 = Release|Any CPU
	EndGlobalSection
	GlobalSection(SolutionProperties) = preSolution
		HideSolutionNode = FALSE
	EndGlobalSection
	GlobalSection(ExtensibilityGlobals) = postSolution
		SolutionGuid = {68736BB7-D670-4CE1-8485-9A6ABF2C319C}
	EndGlobalSection
EndGlobal
